
Microsoft Visual Studio Solution File, Format Version 12.00
# Visual Studio Version 17
VisualStudioVersion = 17.0.31903.59
MinimumVisualStudioVersion = 10.0.40219.1
Project("{FAE04EC0-301F-11D3-BF4B-00C04F79EFBC}") = "CourseCraft.Web", "CourseCraft.Web\CourseCraft.Web.csproj", "{BA6E4614-364F-4507-979B-6EEA164E9F63}"
EndProject
Project("{FAE04EC0-301F-11D3-BF4B-00C04F79EFBC}") = "CourseCraft.Service", "CourseCraft.Service\CourseCraft.Service.csproj", "{3E7ED2A3-DC9A-458F-B5AC-807C9338B17B}"
EndProject
Project("{FAE04EC0-301F-11D3-BF4B-00C04F79EFBC}") = "CourseCraft.Repository", "CourseCraft.Repository\CourseCraft.Repository.csproj", "{8AC9AF1F-2360-4347-8B12-7202DF286535}"
EndProject
Global
	GlobalSection(SolutionConfigurationPlatforms) = preSolution
		Debug|Any CPU = Debug|Any CPU
		Debug|x64 = Debug|x64
		Debug|x86 = Debug|x86
		Release|Any CPU = Release|Any CPU
		Release|x64 = Release|x64
		Release|x86 = Release|x86
	EndGlobalSection
	GlobalSection(ProjectConfigurationPlatforms) = postSolution
		{BA6E4614-364F-4507-979B-6EEA164E9F63}.Debug|Any CPU.ActiveCfg = Debug|Any CPU
		{BA6E4614-364F-4507-979B-6EEA164E9F63}.Debug|Any CPU.Build.0 = Debug|Any CPU
		{BA6E4614-364F-4507-979B-6EEA164E9F63}.Debug|x64.ActiveCfg = Debug|Any CPU
		{BA6E4614-364F-4507-979B-6EEA164E9F63}.Debug|x64.Build.0 = Debug|Any CPU
		{BA6E4614-364F-4507-979B-6EEA164E9F63}.Debug|x86.ActiveCfg = Debug|Any CPU
		{BA6E4614-364F-4507-979B-6EEA164E9F63}.Debug|x86.Build.0 = Debug|Any CPU
		{BA6E4614-364F-4507-979B-6EEA164E9F63}.Release|Any CPU.ActiveCfg = Release|Any CPU
		{BA6E4614-364F-4507-979B-6EEA164E9F63}.Release|Any CPU.Build.0 = Release|Any CPU
		{BA6E4614-364F-4507-979B-6EEA164E9F63}.Release|x64.ActiveCfg = Release|Any CPU
		{BA6E4614-364F-4507-979B-6EEA164E9F63}.Release|x64.Build.0 = Release|Any CPU
		{BA6E4614-364F-4507-979B-6EEA164E9F63}.Release|x86.ActiveCfg = Release|Any CPU
		{BA6E4614-364F-4507-979B-6EEA164E9F63}.Release|x86.Build.0 = Release|Any CPU
		{3E7ED2A3-DC9A-458F-B5AC-807C9338B17B}.Debug|Any CPU.ActiveCfg = Debug|Any CPU
		{3E7ED2A3-DC9A-458F-B5AC-807C9338B17B}.Debug|Any CPU.Build.0 = Debug|Any CPU
		{3E7ED2A3-DC9A-458F-B5AC-807C9338B17B}.Debug|x64.ActiveCfg = Debug|Any CPU
		{3E7ED2A3-DC9A-458F-B5AC-807C9338B17B}.Debug|x64.Build.0 = Debug|Any CPU
		{3E7ED2A3-DC9A-458F-B5AC-807C9338B17B}.Debug|x86.ActiveCfg = Debug|Any CPU
		{3E7ED2A3-DC9A-458F-B5AC-807C9338B17B}.Debug|x86.Build.0 = Debug|Any CPU
		{3E7ED2A3-DC9A-458F-B5AC-807C9338B17B}.Release|Any CPU.ActiveCfg = Release|Any CPU
		{3E7ED2A3-DC9A-458F-B5AC-807C9338B17B}.Release|Any CPU.Build.0 = Release|Any CPU
		{3E7ED2A3-DC9A-458F-B5AC-807C9338B17B}.Release|x64.ActiveCfg = Release|Any CPU
		{3E7ED2A3-DC9A-458F-B5AC-807C9338B17B}.Release|x64.Build.0 = Release|Any CPU
		{3E7ED2A3-DC9A-458F-B5AC-807C9338B17B}.Release|x86.ActiveCfg = Release|Any CPU
		{3E7ED2A3-DC9A-458F-B5AC-807C9338B17B}.Release|x86.Build.0 = Release|Any CPU
		{8AC9AF1F-2360-4347-8B12-7202DF286535}.Debug|Any CPU.ActiveCfg = Debug|Any CPU
		{8AC9AF1F-2360-4347-8B12-7202DF286535}.Debug|Any CPU.Build.0 = Debug|Any CPU
		{8AC9AF1F-2360-4347-8B12-7202DF286535}.Debug|x64.ActiveCfg = Debug|Any CPU
		{8AC9AF1F-2360-4347-8B12-7202DF286535}.Debug|x64.Build.0 = Debug|Any CPU
		{8AC9AF1F-2360-4347-8B12-7202DF286535}.Debug|x86.ActiveCfg = Debug|Any CPU
		{8AC9AF1F-2360-4347-8B12-7202DF286535}.Debug|x86.Build.0 = Debug|Any CPU
		{8AC9AF1F-2360-4347-8B12-7202DF286535}.Release|Any CPU.ActiveCfg = Release|Any CPU
		{8AC9AF1F-2360-4347-8B12-7202DF286535}.Release|Any CPU.Build.0 = Release|Any CPU
		{8AC9AF1F-2360-4347-8B12-7202DF286535}.Release|x64.ActiveCfg = Release|Any CPU
		{8AC9AF1F-2360-4347-8B12-7202DF286535}.Release|x64.Build.0 = Release|Any CPU
		{8AC9AF1F-2360-4347-8B12-7202DF286535}.Release|x86.ActiveCfg = Release|Any CPU
		{8AC9AF1F-2360-4347-8B12-7202DF286535}.Release|x86.Build.0 = Release|Any CPU
	EndGlobalSection
	GlobalSection(SolutionProperties) = preSolution
		HideSolutionNode = FALSE
	EndGlobalSection
EndGlobal
